
Microsoft Visual Studio Solution File, Format Version 12.00
# Visual Studio Version 17
VisualStudioVersion = 17.3.32811.315
MinimumVisualStudioVersion = 10.0.40219.1
Project("{FAE04EC0-301F-11D3-BF4B-00C04F79EFBC}") = "Uncharted2", "Uncharted2.csproj", "{31F94A0F-E86A-417A-ABB0-15EA779BFDB7}"
EndProject
Global
	GlobalSection(SolutionConfigurationPlatforms) = preSolution
		Debug|Any CPU = Debug|Any CPU
		Release|Any CPU = Release|Any CPU
	EndGlobalSection
	GlobalSection(ProjectConfigurationPlatforms) = postSolution
		{31F94A0F-E86A-417A-ABB0-15EA779BFDB7}.Debug|Any CPU.ActiveCfg = Debug|Any CPU
		{31F94A0F-E86A-417A-ABB0-15EA779BFDB7}.Debug|Any CPU.Build.0 = Debug|Any CPU
		{31F94A0F-E86A-417A-ABB0-15EA779BFDB7}.Release|Any CPU.ActiveCfg = Release|Any CPU
		{31F94A0F-E86A-417A-ABB0-15EA779BFDB7}.Release|Any CPU.Build.0 = Release|Any CPU
	EndGlobalSection
	GlobalSection(SolutionProperties) = preSolution
		HideSolutionNode = FALSE
	EndGlobalSection
	GlobalSection(ExtensibilityGlobals) = postSolution
		SolutionGuid = {868CC547-EE7C-42FD-8223-B4BC21182922}
	EndGlobalSection
EndGlobal
